<?xml version="1.0" encoding="utf-8"?>
<Project ToolsVersion="4.0" xmlns="http://schemas.microsoft.com/developer/msbuild/2003">
  <ItemGroup>
    <Filter Include="Source Files">
      <UniqueIdentifier>{4FC737F1-C7A5-4376-A066-2A32D752A2FF}</UniqueIdentifier>
      <Extensions>cpp;c;cc;cxx;def;odl;idl;hpj;bat;asm;asmx</Extensions>
    </Filter>
    <Filter Include="Header Files">
      <UniqueIdentifier>{93995380-89BD-4b04-88EB-625FBE52EBFB}</UniqueIdentifier>
      <Extensions>h;hh;hpp;hxx;hm;inl;inc;xsd</Extensions>
    </Filter>
    <Filter Include="Header Files\States">
      <UniqueIdentifier>{8337d99f-0897-4911-84da-3d0e9688b61c}</UniqueIdentifier>
    </Filter>
    <Filter Include="Source Files\States">
      <UniqueIdentifier>{1b458e68-4721-423b-a2cf-c6200e5ca957}</UniqueIdentifier>
    </Filter>
    <Filter Include="Source Files\Components">
      <UniqueIdentifier>{89f200c9-921f-4fb4-93b8-075f334b54a5}</UniqueIdentifier>
    </Filter>
    <Filter Include="Header Files\Gui">
      <UniqueIdentifier>{8b34f507-e5e4-45eb-8235-80effc23d8e0}</UniqueIdentifier>
    </Filter>
    <Filter Include="Source Files\Gui">
      <UniqueIdentifier>{7d8185f3-acbf-48a6-97dc-c867c658a6a9}</UniqueIdentifier>
    </Filter>
    <Filter Include="Header Files\Components">
      <UniqueIdentifier>{2ee4f8cd-2ce7-41e3-9a39-aeb1c83510fc}</UniqueIdentifier>
    </Filter>
  </ItemGroup>
  <ItemGroup>
    <ClInclude Include="include\Application.hpp">
      <Filter>Header Files</Filter>
    </ClInclude>
    <ClInclude Include="include\ResourceIdentifiers.hpp">
      <Filter>Header Files</Filter>
    </ClInclude>
    <ClInclude Include="include\ResourceHolder.hpp">
      <Filter>Header Files</Filter>
    </ClInclude>
    <ClInclude Include="include\Configuration.hpp">
      <Filter>Header Files</Filter>
    </ClInclude>
    <ClInclude Include="include\State.hpp">
      <Filter>Header Files</Filter>
    </ClInclude>
    <ClInclude Include="include\StateIdentifiers.hpp">
      <Filter>Header Files</Filter>
    </ClInclude>
    <ClInclude Include="include\StateStack.hpp">
      <Filter>Header Files</Filter>
    </ClInclude>
    <ClInclude Include="include\Components\GridComponent.hpp">
      <Filter>Header Files\Components</Filter>
    </ClInclude>
    <ClInclude Include="include\Components\ScoreBoardComponent.hpp">
      <Filter>Header Files\Components</Filter>
    </ClInclude>
    <ClInclude Include="include\Components\TileComponent.hpp">
      <Filter>Header Files\Components</Filter>
    </ClInclude>
    <ClInclude Include="include\States\GameState.hpp">
      <Filter>Header Files\States</Filter>
    </ClInclude>
    <ClInclude Include="include\States\MenuState.hpp">
      <Filter>Header Files\States</Filter>
    </ClInclude>
    <ClInclude Include="include\Pch.hpp">
      <Filter>Header Files</Filter>
    </ClInclude>
  </ItemGroup>
  <ItemGroup>
    <ClCompile Include="source\Application.cpp">
      <Filter>Source Files</Filter>
    </ClCompile>
    <ClCompile Include="source\Main.cpp">
      <Filter>Source Files</Filter>
    </ClCompile>
    <ClCompile Include="source\Configuration.cpp">
      <Filter>Source Files</Filter>
    </ClCompile>
    <ClCompile Include="source\State.cpp">
      <Filter>Source Files</Filter>
    </ClCompile>
    <ClCompile Include="source\StateStack.cpp">
      <Filter>Source Files</Filter>
    </ClCompile>
    <ClCompile Include="source\States\GameState.cpp">
      <Filter>Source Files\States</Filter>
    </ClCompile>
    <ClCompile Include="source\States\MenuState.cpp">
      <Filter>Source Files\States</Filter>
    </ClCompile>
    <ClCompile Include="source\Components\GridComponent.cpp">
      <Filter>Source Files\Components</Filter>
    </ClCompile>
    <ClCompile Include="source\Components\ScoreBoardComponent.cpp">
      <Filter>Source Files\Components</Filter>
    </ClCompile>
    <ClCompile Include="source\Components\TileComponent.cpp">
      <Filter>Source Files\Components</Filter>
    </ClCompile>
    <ClCompile Include="source\Pch.cpp">
      <Filter>Source Files</Filter>
    </ClCompile>
  </ItemGroup>
  <ItemGroup>
    <None Include="include\ResourceHolder.inl">
      <Filter>Header Files</Filter>
    </None>
  </ItemGroup>
</Project>